
Microsoft Visual Studio Solution File, Format Version 12.00
# Visual Studio 2013
VisualStudioVersion = 12.0.31101.0
MinimumVisualStudioVersion = 10.0.40219.1
Project("{FAE04EC0-301F-11D3-BF4B-00C04F79EFBC}") = "GW2TPApiWrapper", "GW2TPApiWrapper\GW2TPApiWrapper.csproj", "{A37CA4F0-B48C-43D0-95B9-1F955E450FA1}"
EndProject
Project("{FAE04EC0-301F-11D3-BF4B-00C04F79EFBC}") = "GW2TPApiWrapperTest", "GW2TPApiWrapperTest\GW2TPApiWrapperTest.csproj", "{6541B7FD-8996-4E20-926E-22A09EEEA469}"
EndProject
Project("{FAE04EC0-301F-11D3-BF4B-00C04F79EFBC}") = "GW2Trader_Windows", "GW2Trader_Windows\GW2Trader_Windows.csproj", "{ED8D17B1-18DF-444B-9471-58DB1EA79E4B}"
	ProjectSection(ProjectDependencies) = postProject
		{A37CA4F0-B48C-43D0-95B9-1F955E450FA1} = {A37CA4F0-B48C-43D0-95B9-1F955E450FA1}
	EndProjectSection
EndProject
Project("{2150E333-8FDC-42A3-9474-1A3956D46DE8}") = "Solution Items", "Solution Items", "{8EA24FA9-2978-4DDC-8BAD-13D3830EBDA5}"
	ProjectSection(SolutionItems) = preProject
		TODO.txt = TODO.txt
	EndProjectSection
EndProject
Project("{FAE04EC0-301F-11D3-BF4B-00C04F79EFBC}") = "GW2Trader_WindowsTest", "GW2Trader_WindowsTest\GW2Trader_WindowsTest.csproj", "{2E3DF5C2-8A38-4A03-86D7-8D463C917E47}"
EndProject
Project("{2150E333-8FDC-42A3-9474-1A3956D46DE8}") = "Data", "Data", "{2B6647D4-0D3C-4460-9582-B0654DB857F9}"
EndProject
Project("{FAE04EC0-301F-11D3-BF4B-00C04F79EFBC}") = "DataLayer", "DataLayer\DataLayer.csproj", "{9DA81360-F3BF-43D1-87AC-9E948E5F1940}"
EndProject
Project("{FAE04EC0-301F-11D3-BF4B-00C04F79EFBC}") = "DataLayerTest", "DataLayerTest\DataLayerTest.csproj", "{7A6F33F6-5FC7-43F4-A518-59CD662B8C41}"
EndProject
Project("{FAE04EC0-301F-11D3-BF4B-00C04F79EFBC}") = "Shared", "Shared\Shared.csproj", "{703526CA-F79C-4CCA-B4E9-4EAD98275F94}"
EndProject
Project("{FAE04EC0-301F-11D3-BF4B-00C04F79EFBC}") = "GW2Trader", "GW2Trader\GW2Trader.csproj", "{A8B58388-4FA7-4A56-A15A-B057E2D7AD37}"
EndProject
Project("{2150E333-8FDC-42A3-9474-1A3956D46DE8}") = "GUI", "GUI", "{7F365517-B2E0-4A20-A241-3FC40FCBBB3A}"
EndProject
Project("{2150E333-8FDC-42A3-9474-1A3956D46DE8}") = "API", "API", "{0788A3BA-BE38-4ACB-BF69-742D0CC959CC}"
EndProject
Global
	GlobalSection(SolutionConfigurationPlatforms) = preSolution
		Debug|Any CPU = Debug|Any CPU
		Debug|Mixed Platforms = Debug|Mixed Platforms
		Debug|x86 = Debug|x86
		Release|Any CPU = Release|Any CPU
		Release|Mixed Platforms = Release|Mixed Platforms
		Release|x86 = Release|x86
	EndGlobalSection
	GlobalSection(ProjectConfigurationPlatforms) = postSolution
		{A37CA4F0-B48C-43D0-95B9-1F955E450FA1}.Debug|Any CPU.ActiveCfg = Debug|Any CPU
		{A37CA4F0-B48C-43D0-95B9-1F955E450FA1}.Debug|Any CPU.Build.0 = Debug|Any CPU
		{A37CA4F0-B48C-43D0-95B9-1F955E450FA1}.Debug|Mixed Platforms.ActiveCfg = Debug|Any CPU
		{A37CA4F0-B48C-43D0-95B9-1F955E450FA1}.Debug|Mixed Platforms.Build.0 = Debug|Any CPU
		{A37CA4F0-B48C-43D0-95B9-1F955E450FA1}.Debug|x86.ActiveCfg = Debug|Any CPU
		{A37CA4F0-B48C-43D0-95B9-1F955E450FA1}.Debug|x86.Build.0 = Debug|Any CPU
		{A37CA4F0-B48C-43D0-95B9-1F955E450FA1}.Release|Any CPU.ActiveCfg = Release|Any CPU
		{A37CA4F0-B48C-43D0-95B9-1F955E450FA1}.Release|Any CPU.Build.0 = Release|Any CPU
		{A37CA4F0-B48C-43D0-95B9-1F955E450FA1}.Release|Mixed Platforms.ActiveCfg = Release|Any CPU
		{A37CA4F0-B48C-43D0-95B9-1F955E450FA1}.Release|Mixed Platforms.Build.0 = Release|Any CPU
		{A37CA4F0-B48C-43D0-95B9-1F955E450FA1}.Release|x86.ActiveCfg = Release|Any CPU
		{6541B7FD-8996-4E20-926E-22A09EEEA469}.Debug|Any CPU.ActiveCfg = Debug|Any CPU
		{6541B7FD-8996-4E20-926E-22A09EEEA469}.Debug|Any CPU.Build.0 = Debug|Any CPU
		{6541B7FD-8996-4E20-926E-22A09EEEA469}.Debug|Mixed Platforms.ActiveCfg = Debug|Any CPU
		{6541B7FD-8996-4E20-926E-22A09EEEA469}.Debug|Mixed Platforms.Build.0 = Debug|Any CPU
		{6541B7FD-8996-4E20-926E-22A09EEEA469}.Debug|x86.ActiveCfg = Debug|Any CPU
		{6541B7FD-8996-4E20-926E-22A09EEEA469}.Debug|x86.Build.0 = Debug|Any CPU
		{6541B7FD-8996-4E20-926E-22A09EEEA469}.Release|Any CPU.ActiveCfg = Release|Any CPU
		{6541B7FD-8996-4E20-926E-22A09EEEA469}.Release|Any CPU.Build.0 = Release|Any CPU
		{6541B7FD-8996-4E20-926E-22A09EEEA469}.Release|Mixed Platforms.ActiveCfg = Release|Any CPU
		{6541B7FD-8996-4E20-926E-22A09EEEA469}.Release|Mixed Platforms.Build.0 = Release|Any CPU
		{6541B7FD-8996-4E20-926E-22A09EEEA469}.Release|x86.ActiveCfg = Release|Any CPU
		{ED8D17B1-18DF-444B-9471-58DB1EA79E4B}.Debug|Any CPU.ActiveCfg = Debug|Any CPU
		{ED8D17B1-18DF-444B-9471-58DB1EA79E4B}.Debug|Any CPU.Build.0 = Debug|Any CPU
		{ED8D17B1-18DF-444B-9471-58DB1EA79E4B}.Debug|Mixed Platforms.ActiveCfg = Debug|x86
		{ED8D17B1-18DF-444B-9471-58DB1EA79E4B}.Debug|Mixed Platforms.Build.0 = Debug|x86
		{ED8D17B1-18DF-444B-9471-58DB1EA79E4B}.Debug|x86.ActiveCfg = Debug|x86
		{ED8D17B1-18DF-444B-9471-58DB1EA79E4B}.Debug|x86.Build.0 = Debug|x86
		{ED8D17B1-18DF-444B-9471-58DB1EA79E4B}.Release|Any CPU.ActiveCfg = Release|Any CPU
		{ED8D17B1-18DF-444B-9471-58DB1EA79E4B}.Release|Any CPU.Build.0 = Release|Any CPU
		{ED8D17B1-18DF-444B-9471-58DB1EA79E4B}.Release|Mixed Platforms.ActiveCfg = Release|x86
		{ED8D17B1-18DF-444B-9471-58DB1EA79E4B}.Release|Mixed Platforms.Build.0 = Release|x86
		{ED8D17B1-18DF-444B-9471-58DB1EA79E4B}.Release|x86.ActiveCfg = Release|x86
		{ED8D17B1-18DF-444B-9471-58DB1EA79E4B}.Release|x86.Build.0 = Release|x86
		{2E3DF5C2-8A38-4A03-86D7-8D463C917E47}.Debug|Any CPU.ActiveCfg = Debug|Any CPU
		{2E3DF5C2-8A38-4A03-86D7-8D463C917E47}.Debug|Any CPU.Build.0 = Debug|Any CPU
		{2E3DF5C2-8A38-4A03-86D7-8D463C917E47}.Debug|Mixed Platforms.ActiveCfg = Debug|Any CPU
		{2E3DF5C2-8A38-4A03-86D7-8D463C917E47}.Debug|Mixed Platforms.Build.0 = Debug|Any CPU
		{2E3DF5C2-8A38-4A03-86D7-8D463C917E47}.Debug|x86.ActiveCfg = Debug|Any CPU
		{2E3DF5C2-8A38-4A03-86D7-8D463C917E47}.Release|Any CPU.ActiveCfg = Release|Any CPU
		{2E3DF5C2-8A38-4A03-86D7-8D463C917E47}.Release|Any CPU.Build.0 = Release|Any CPU
		{2E3DF5C2-8A38-4A03-86D7-8D463C917E47}.Release|Mixed Platforms.ActiveCfg = Release|Any CPU
		{2E3DF5C2-8A38-4A03-86D7-8D463C917E47}.Release|Mixed Platforms.Build.0 = Release|Any CPU
		{2E3DF5C2-8A38-4A03-86D7-8D463C917E47}.Release|x86.ActiveCfg = Release|Any CPU
		{9DA81360-F3BF-43D1-87AC-9E948E5F1940}.Debug|Any CPU.ActiveCfg = Debug|Any CPU
		{9DA81360-F3BF-43D1-87AC-9E948E5F1940}.Debug|Any CPU.Build.0 = Debug|Any CPU
		{9DA81360-F3BF-43D1-87AC-9E948E5F1940}.Debug|Mixed Platforms.ActiveCfg = Debug|Any CPU
		{9DA81360-F3BF-43D1-87AC-9E948E5F1940}.Debug|Mixed Platforms.Build.0 = Debug|Any CPU
		{9DA81360-F3BF-43D1-87AC-9E948E5F1940}.Debug|x86.ActiveCfg = Debug|Any CPU
		{9DA81360-F3BF-43D1-87AC-9E948E5F1940}.Release|Any CPU.ActiveCfg = Release|Any CPU
		{9DA81360-F3BF-43D1-87AC-9E948E5F1940}.Release|Any CPU.Build.0 = Release|Any CPU
		{9DA81360-F3BF-43D1-87AC-9E948E5F1940}.Release|Mixed Platforms.ActiveCfg = Release|Any CPU
		{9DA81360-F3BF-43D1-87AC-9E948E5F1940}.Release|Mixed Platforms.Build.0 = Release|Any CPU
		{9DA81360-F3BF-43D1-87AC-9E948E5F1940}.Release|x86.ActiveCfg = Release|Any CPU
		{7A6F33F6-5FC7-43F4-A518-59CD662B8C41}.Debug|Any CPU.ActiveCfg = Debug|Any CPU
		{7A6F33F6-5FC7-43F4-A518-59CD662B8C41}.Debug|Any CPU.Build.0 = Debug|Any CPU
		{7A6F33F6-5FC7-43F4-A518-59CD662B8C41}.Debug|Mixed Platforms.ActiveCfg = Debug|Any CPU
		{7A6F33F6-5FC7-43F4-A518-59CD662B8C41}.Debug|Mixed Platforms.Build.0 = Debug|Any CPU
		{7A6F33F6-5FC7-43F4-A518-59CD662B8C41}.Debug|x86.ActiveCfg = Debug|Any CPU
		{7A6F33F6-5FC7-43F4-A518-59CD662B8C41}.Release|Any CPU.ActiveCfg = Release|Any CPU
		{7A6F33F6-5FC7-43F4-A518-59CD662B8C41}.Release|Any CPU.Build.0 = Release|Any CPU
		{7A6F33F6-5FC7-43F4-A518-59CD662B8C41}.Release|Mixed Platforms.ActiveCfg = Release|Any CPU
		{7A6F33F6-5FC7-43F4-A518-59CD662B8C41}.Release|Mixed Platforms.Build.0 = Release|Any CPU
		{7A6F33F6-5FC7-43F4-A518-59CD662B8C41}.Release|x86.ActiveCfg = Release|Any CPU
		{703526CA-F79C-4CCA-B4E9-4EAD98275F94}.Debug|Any CPU.ActiveCfg = Debug|Any CPU
		{703526CA-F79C-4CCA-B4E9-4EAD98275F94}.Debug|Any CPU.Build.0 = Debug|Any CPU
		{703526CA-F79C-4CCA-B4E9-4EAD98275F94}.Debug|Mixed Platforms.ActiveCfg = Debug|Any CPU
		{703526CA-F79C-4CCA-B4E9-4EAD98275F94}.Debug|Mixed Platforms.Build.0 = Debug|Any CPU
		{703526CA-F79C-4CCA-B4E9-4EAD98275F94}.Debug|x86.ActiveCfg = Debug|Any CPU
		{703526CA-F79C-4CCA-B4E9-4EAD98275F94}.Release|Any CPU.ActiveCfg = Release|Any CPU
		{703526CA-F79C-4CCA-B4E9-4EAD98275F94}.Release|Any CPU.Build.0 = Release|Any CPU
		{703526CA-F79C-4CCA-B4E9-4EAD98275F94}.Release|Mixed Platforms.ActiveCfg = Release|Any CPU
		{703526CA-F79C-4CCA-B4E9-4EAD98275F94}.Release|Mixed Platforms.Build.0 = Release|Any CPU
		{703526CA-F79C-4CCA-B4E9-4EAD98275F94}.Release|x86.ActiveCfg = Release|Any CPU
		{A8B58388-4FA7-4A56-A15A-B057E2D7AD37}.Debug|Any CPU.ActiveCfg = Debug|Any CPU
		{A8B58388-4FA7-4A56-A15A-B057E2D7AD37}.Debug|Any CPU.Build.0 = Debug|Any CPU
		{A8B58388-4FA7-4A56-A15A-B057E2D7AD37}.Debug|Mixed Platforms.ActiveCfg = Debug|Any CPU
		{A8B58388-4FA7-4A56-A15A-B057E2D7AD37}.Debug|Mixed Platforms.Build.0 = Debug|Any CPU
		{A8B58388-4FA7-4A56-A15A-B057E2D7AD37}.Debug|x86.ActiveCfg = Debug|Any CPU
		{A8B58388-4FA7-4A56-A15A-B057E2D7AD37}.Release|Any CPU.ActiveCfg = Release|Any CPU
		{A8B58388-4FA7-4A56-A15A-B057E2D7AD37}.Release|Any CPU.Build.0 = Release|Any CPU
		{A8B58388-4FA7-4A56-A15A-B057E2D7AD37}.Release|Mixed Platforms.ActiveCfg = Release|Any CPU
		{A8B58388-4FA7-4A56-A15A-B057E2D7AD37}.Release|Mixed Platforms.Build.0 = Release|Any CPU
		{A8B58388-4FA7-4A56-A15A-B057E2D7AD37}.Release|x86.ActiveCfg = Release|Any CPU
	EndGlobalSection
	GlobalSection(SolutionProperties) = preSolution
		HideSolutionNode = FALSE
	EndGlobalSection
	GlobalSection(NestedProjects) = preSolution
		{A37CA4F0-B48C-43D0-95B9-1F955E450FA1} = {0788A3BA-BE38-4ACB-BF69-742D0CC959CC}
		{6541B7FD-8996-4E20-926E-22A09EEEA469} = {0788A3BA-BE38-4ACB-BF69-742D0CC959CC}
		{ED8D17B1-18DF-444B-9471-58DB1EA79E4B} = {7F365517-B2E0-4A20-A241-3FC40FCBBB3A}
		{2E3DF5C2-8A38-4A03-86D7-8D463C917E47} = {7F365517-B2E0-4A20-A241-3FC40FCBBB3A}
		{9DA81360-F3BF-43D1-87AC-9E948E5F1940} = {2B6647D4-0D3C-4460-9582-B0654DB857F9}
		{7A6F33F6-5FC7-43F4-A518-59CD662B8C41} = {2B6647D4-0D3C-4460-9582-B0654DB857F9}
	EndGlobalSection
EndGlobal
